
Microsoft Visual Studio Solution File, Format Version 12.00
# Visual Studio Version 17
VisualStudioVersion = 17.11.35312.102
MinimumVisualStudioVersion = 10.0.40219.1
Project("{FAE04EC0-301F-11D3-BF4B-00C04F79EFBC}") = "LibraryManagementSysytem", "LibraryManagementSysytem\LibraryManagementSysytem.csproj", "{FBAFE981-1A6D-44D1-BB62-B5A8C4466F00}"
EndProject
Global
	GlobalSection(SolutionConfigurationPlatforms) = preSolution
		Debug|Any CPU = Debug|Any CPU
		Release|Any CPU = Release|Any CPU
	EndGlobalSection
	GlobalSection(ProjectConfigurationPlatforms) = postSolution
		{FBAFE981-1A6D-44D1-BB62-B5A8C4466F00}.Debug|Any CPU.ActiveCfg = Debug|Any CPU
		{FBAFE981-1A6D-44D1-BB62-B5A8C4466F00}.Debug|Any CPU.Build.0 = Debug|Any CPU
		{FBAFE981-1A6D-44D1-BB62-B5A8C4466F00}.Release|Any CPU.ActiveCfg = Release|Any CPU
		{FBAFE981-1A6D-44D1-BB62-B5A8C4466F00}.Release|Any CPU.Build.0 = Release|Any CPU
	EndGlobalSection
	GlobalSection(SolutionProperties) = preSolution
		HideSolutionNode = FALSE
	EndGlobalSection
	GlobalSection(ExtensibilityGlobals) = postSolution
		SolutionGuid = {759DE522-CE52-4A9B-BCC8-61A02A3C43BD}
	EndGlobalSection
EndGlobal
